# This file is automatically @generated by Cargo.
# It is not intended for manual editing.
version = 4

[[package]]
name = "qcore"
version = "0.1.0"
dependencies = [
 "qtv-account",
 "qtv-codec",
 "qtv-crypto",
 "qtv-idfmt",
 "qtv-tx",
 "qtv-vm",
 "zeroize",
]

[[package]]
name = "qtv-account"
version = "0.1.0"
dependencies = [
 "qtv-crypto",
 "qtv-idfmt",
 "zeroize",
]

[[package]]
name = "qtv-codec"
version = "0.1.0"

[[package]]
name = "qtv-crypto"
version = "0.3.0"
source = "git+https://github.com/Quantova/Q-Crypto.git?rev=4c0bdcb7dce9d2de6f9f510b0695377321076fef#4c0bdcb7dce9d2de6f9f510b0695377321076fef"

[[package]]
name = "qtv-idfmt"
version = "0.1.0"

[[package]]
name = "qtv-tx"
version = "0.1.0"
dependencies = [
 "qtv-account",
 "qtv-codec",
 "qtv-crypto",
 "qtv-idfmt",
 "zeroize",
]

[[package]]
name = "qtv-vm"
version = "0.2.0"
dependencies = [
 "qtv-crypto",
]

[[package]]
name = "quantova-cli"
version = "0.1.0"
dependencies = [
 "qcore",
 "zeroize",
]

[[package]]
name = "zeroize"
version = "1.9.0"
source = "registry+https://github.com/rust-lang/crates.io-index"
checksum = "e13c156562582aa81c60cb29407084cdb54c4164760106ab78e6c5b0858cf64e"
